
Microsoft Visual Studio Solution File, Format Version 12.00
# Visual Studio Version 18
VisualStudioVersion = 18.0.11123.170
MinimumVisualStudioVersion = 10.0.40219.1
Project("{FAE04EC0-301F-11D3-BF4B-00C04F79EFBC}") = "DynamicProgrammingInActions", "DS&Algorithms\DynamicProgramming\DynamicProgrammingInActions.csproj", "{5C0065DF-6D6D-4F45-A63A-BD03B2186582}"
EndProject
Project("{FAE04EC0-301F-11D3-BF4B-00C04F79EFBC}") = "ListInActions", "DS&Algorithms\ListOperations\ListInActions.csproj", "{43D90F24-6A08-4E0F-A8D4-281ABFDA345A}"
EndProject
Project("{FAE04EC0-301F-11D3-BF4B-00C04F79EFBC}") = "SetInActions", "DS&Algorithms\SetOperations\SetInActions.csproj", "{CF504D01-9B83-493B-BF45-F77A4637E652}"
EndProject
Project("{FAE04EC0-301F-11D3-BF4B-00C04F79EFBC}") = "ArrayInActions", "DS&Algorithms\ArrayOperations\ArrayInActions.csproj", "{4F60897F-9D54-3C4F-D96F-8A0B96CDCA7D}"
EndProject
Project("{FAE04EC0-301F-11D3-BF4B-00C04F79EFBC}") = "GraphInActions", "DS&Algorithms\GraphInActions\GraphInActions.csproj", "{9F039724-1A81-4FE5-B7DC-EA7A0CE95078}"
EndProject
Project("{FAE04EC0-301F-11D3-BF4B-00C04F79EFBC}") = "CustomSorting", "DS&Algorithms\CustomSorting\CustomSorting.csproj", "{B7F91D02-5B5D-2784-72DD-4FE1F49160A9}"
EndProject
Project("{FAE04EC0-301F-11D3-BF4B-00C04F79EFBC}") = "IntegerInActions", "DS&Algorithms\IntegerOps\IntegerInActions.csproj", "{F7247521-7617-453B-BED5-8F8EE5F841AB}"
EndProject
Project("{FAE04EC0-301F-11D3-BF4B-00C04F79EFBC}") = "MatrixOps", "DS&Algorithms\MatrixOps\MatrixOps.csproj", "{93C4E72E-DA01-4B7A-9482-9C16B168F333}"
EndProject
Project("{FAE04EC0-301F-11D3-BF4B-00C04F79EFBC}") = "StackInActions", "DS&Algorithms\StackInActions\StackInActions.csproj", "{7D57E4DB-A0F4-4398-813D-76F05B8FC5A5}"
EndProject
Project("{FAE04EC0-301F-11D3-BF4B-00C04F79EFBC}") = "BitsInActions", "DS&Algorithms\BitsInActions\BitsInActions.csproj", "{48E67847-02DE-4DCA-A5DD-F0E61EA7F66B}"
EndProject
Project("{FAE04EC0-301F-11D3-BF4B-00C04F79EFBC}") = "ConcurrencyInActions", "DS&Algorithms\ConcurrencyInActions\ConcurrencyInActions.csproj", "{E42EDB1A-9D76-46D0-9196-5E71DD8703AA}"
EndProject
Project("{FAE04EC0-301F-11D3-BF4B-00C04F79EFBC}") = "DictionaryInActions", "DS&Algorithms\DictionaryInActions\DictionaryInActions.csproj", "{F2485045-ED4B-4787-B8CF-D44F30B025F1}"
EndProject
Project("{FAE04EC0-301F-11D3-BF4B-00C04F79EFBC}") = "CollectionInActions", "DS&Algorithms\CollectionInActions\CollectionInActions.csproj", "{C0987BE8-C85B-4ADB-B7F5-205B802AC2A7}"
EndProject
Project("{FAE04EC0-301F-11D3-BF4B-00C04F79EFBC}") = "CustomSearchInActions", "DS&Algorithms\CustomSearchInActions\CustomSearchInActions.csproj", "{0ECEADF8-EDEC-49ED-BEA3-AC8E23007AFB}"
EndProject
Project("{FAE04EC0-301F-11D3-BF4B-00C04F79EFBC}") = "KeyValueCollection", "InterfaceInActions\KeyValueCollection.csproj", "{CADB761C-EECA-474E-9C38-6F9135BBE914}"
EndProject
Project("{FAE04EC0-301F-11D3-BF4B-00C04F79EFBC}") = "QueueInActions", "DS&Algorithms\QueueInActions\QueueInActions.csproj", "{ECFAB013-E171-4767-8960-C7FCBF65D860}"
EndProject
Project("{FAE04EC0-301F-11D3-BF4B-00C04F79EFBC}") = "TreeInActions", "DS&Algorithms\TreeInActions\TreeInActions.csproj", "{4A54F3D9-D003-4967-3147-B892FCD8C7CA}"
EndProject
Project("{FAE04EC0-301F-11D3-BF4B-00C04F79EFBC}") = "DynamicInActions", "DS&Algorithms\DynamicInActions\DynamicInActions.csproj", "{8F83BDF0-B3EC-44DA-89B8-5046E0953F98}"
EndProject
Project("{FAE04EC0-301F-11D3-BF4B-00C04F79EFBC}") = "HashSetInAction", "DS&Algorithms\HashSetInAction\HashSetInAction.csproj", "{C993CD71-4284-446F-A514-53D3605395A8}"
EndProject
Project("{FAE04EC0-301F-11D3-BF4B-00C04F79EFBC}") = "SortActions", "DS&Algorithms\SortActions\SortActions.csproj", "{06C19647-0E89-4D9B-994E-43523A0FFDE4}"
EndProject
Project("{FAE04EC0-301F-11D3-BF4B-00C04F79EFBC}") = "StringInActions", "DS&Algorithms\StringInActions\StringInActions.csproj", "{14B16028-D59B-217B-4D32-796FF84EBE53}"
EndProject
Project("{2150E333-8FDC-42A3-9474-1A3956D46DE8}") = "DS&Algorithms", "DS&Algorithms", "{BB6CDC30-DA2E-40E0-945D-4534838FCBD2}"
	ProjectSection(SolutionItems) = preProject
		DS&Algorithms\RegexInActions\RegexInActions.csproj = DS&Algorithms\RegexInActions\RegexInActions.csproj
	EndProjectSection
EndProject
Project("{2150E333-8FDC-42A3-9474-1A3956D46DE8}") = "SystemDesignAndAPIs", "SystemDesignAndAPIs", "{018E9C4C-8FC0-41A6-86ED-C7875E7440D6}"
EndProject
Project("{FAE04EC0-301F-11D3-BF4B-00C04F79EFBC}") = "CpiApi", "APIs\CPIApi\CPIApi\CpiApi.csproj", "{933F721A-DFE0-C56D-D17A-1586169E170F}"
EndProject
Project("{FAE04EC0-301F-11D3-BF4B-00C04F79EFBC}") = "AlphaSelectionServiceAPI", "APIs\SimpleRestfullAPI\AlphaSelectionServiceAPI.csproj", "{CCF43DBE-6E8C-F7D6-7502-B07265BC9666}"
EndProject
Project("{FAE04EC0-301F-11D3-BF4B-00C04F79EFBC}") = "StevensPass.API", "APIs\StevensPass.API\StevensPass.API.csproj", "{C77EF1AA-B222-65EE-52EF-C73E3C6E2895}"
EndProject
Project("{FAE04EC0-301F-11D3-BF4B-00C04F79EFBC}") = "TokenAuthenticationWEBAPI", "APIs\TokenAuthenticationWEBAPI\TokenAuthenticationWEBAPI.csproj", "{2487CE14-6A60-7C39-A988-B76B07E1FB6B}"
EndProject
Project("{2150E333-8FDC-42A3-9474-1A3956D46DE8}") = "Others", "Others", "{66AEACD4-48AD-4261-801E-205576B1291E}"
EndProject
Project("{FAE04EC0-301F-11D3-BF4B-00C04F79EFBC}") = "AsyncActions", "Others\AsyncActions\AsyncActions.csproj", "{9CB0E9A6-D858-9632-D0D8-D5DBA9ADA182}"
EndProject
Project("{FAE04EC0-301F-11D3-BF4B-00C04F79EFBC}") = "AzureEventInActions", "Others\AzureEventOps\AzureEventInActions.csproj", "{43B29DF6-61F0-E498-0CE6-57C2596D479F}"
EndProject
Project("{FAE04EC0-301F-11D3-BF4B-00C04F79EFBC}") = "CvsParser", "Others\CvsParser\CvsParser.csproj", "{B93547CC-A899-609F-D342-40A05AC55A45}"
EndProject
Project("{FAE04EC0-301F-11D3-BF4B-00C04F79EFBC}") = "DelegateByExample", "Others\DelegateByExample\DelegateByExample.csproj", "{2AAEC6B3-BF96-FDC0-176F-84286BA5DCE1}"
EndProject
Project("{FAE04EC0-301F-11D3-BF4B-00C04F79EFBC}") = "EfficientSerializer", "Others\EfficientSerializer\EfficientSerializer.csproj", "{10FCA6EA-52D9-5978-743B-FC12F7656998}"
EndProject
Project("{FAE04EC0-301F-11D3-BF4B-00C04F79EFBC}") = "EntityFramework", "Others\EntityFramework\EntityFramework.csproj", "{383C42F2-CFE0-3945-660A-CED4D3E99099}"
EndProject
Project("{FAE04EC0-301F-11D3-BF4B-00C04F79EFBC}") = "InitializerInActions", "Others\InitializerInActions\InitializerInActions.csproj", "{6E253AE0-6DB3-8511-C7F8-1E0A37EC147F}"
EndProject
Project("{FAE04EC0-301F-11D3-BF4B-00C04F79EFBC}") = "LinqExcercises", "Others\LinqExcercises\LinqExcercises.csproj", "{2FB45BDE-9BAB-BA52-B760-95C0B4993AC1}"
EndProject
Project("{FAE04EC0-301F-11D3-BF4B-00C04F79EFBC}") = "SagaServiceImpl", "Others\SagaServiceImpl\SagaServiceImpl.csproj", "{F9B36666-8ACB-8376-C743-4BD153891C5F}"
EndProject
Project("{FAE04EC0-301F-11D3-BF4B-00C04F79EFBC}") = "ServiceBusInActions", "Others\ServiceBusInActions\ServiceBusInActions.csproj", "{4DEAFA1F-59CB-F514-88ED-F6276DD092B0}"
EndProject
Project("{FAE04EC0-301F-11D3-BF4B-00C04F79EFBC}") = "UrlInActions", "Others\UrlInActions\UrlInActions.csproj", "{156DFCC8-6E27-179F-8A06-5728DB114C9E}"
EndProject
Project("{FAE04EC0-301F-11D3-BF4B-00C04F79EFBC}") = "XmlInActions", "Others\XmlOperations\XmlInActions.csproj", "{BDDD086A-9882-24F5-AF7F-0ED6A7DDFCBC}"
EndProject
Project("{FAE04EC0-301F-11D3-BF4B-00C04F79EFBC}") = "MemMgr", "DS&Algorithms\MemMgr\MemMgr.csproj", "{7F29ADC1-D216-2E11-A759-D4D7132CC774}"
EndProject
Project("{FAE04EC0-301F-11D3-BF4B-00C04F79EFBC}") = "LinqInActions", "DS&Algorithms\LinqInActions\LinqInActions.csproj", "{FB3CD864-2590-59F1-F5F8-1BD092600D0F}"
EndProject
Project("{FAE04EC0-301F-11D3-BF4B-00C04F79EFBC}") = "ShortenURLAPI", "APIs\ShortenUrlAPI\ShortenURLAPI.csproj", "{846F87F8-6084-5601-67FF-990B90214933}"
EndProject
Project("{FAE04EC0-301F-11D3-BF4B-00C04F79EFBC}") = "SchedulingInAction", "SchedulingOps\SchedulingInAction.csproj", "{387672AF-3011-4CB9-B015-A3170AA8FAFD}"
EndProject
Project("{FAE04EC0-301F-11D3-BF4B-00C04F79EFBC}") = "LRUCacheInActions", "DS&Algorithms\LRUCache\LRUCacheInActions.csproj", "{0B70CEFE-A531-FFA6-FFB6-75F70FDA947F}"
EndProject
Project("{FAE04EC0-301F-11D3-BF4B-00C04F79EFBC}") = "BacktrackingInActions", "BacktrackingInActions\BacktrackingInActions.csproj", "{E538921E-90E6-492C-9FDB-5E9899A38253}"
EndProject
Project("{FAE04EC0-301F-11D3-BF4B-00C04F79EFBC}") = "AuthenticationInActions", "AuthenticationInActions\AuthenticationInActions.csproj", "{9D3D3AAD-B2CC-4DDB-9436-04468986CF3F}"
EndProject
Project("{FAE04EC0-301F-11D3-BF4B-00C04F79EFBC}") = "BinarySearchInActions", "BinarySearchOps\BinarySearchInActions.csproj", "{65EA5B64-341A-4ABB-B337-5C39B5199D37}"
EndProject
Project("{FAE04EC0-301F-11D3-BF4B-00C04F79EFBC}") = "SlidingWindowInAction", "SlidingWindowOps\SlidingWindowInAction.csproj", "{609EBAAB-9EEA-4324-AF59-044F653C15E9}"
EndProject
Project("{FAE04EC0-301F-11D3-BF4B-00C04F79EFBC}") = "hardware_telemetry_system", "APIs\hardware_telemetry_system\hardware_telemetry_system.csproj", "{74A7AA20-9FF9-4563-B74A-0F7B547AE0CD}"
EndProject
Project("{FAE04EC0-301F-11D3-BF4B-00C04F79EFBC}") = "RegexInActions", "DS&Algorithms\RegexInActions\RegexInActions.csproj", "{8ADEDD82-A227-63D6-04A3-870F002E0839}"
EndProject
Project("{FAE04EC0-301F-11D3-BF4B-00C04F79EFBC}") = "TrieInActions", "MyTrieImpl\TrieInActions.csproj", "{E50D7DAC-5A70-49F0-9D41-D60482DCD205}"
EndProject
Project("{FAE04EC0-301F-11D3-BF4B-00C04F79EFBC}") = "RecursiveInActions", "RecursiveInActions\RecursiveInActions.csproj", "{E80A7251-726D-49F0-8580-D686E0C473BC}"
EndProject
Project("{FAE04EC0-301F-11D3-BF4B-00C04F79EFBC}") = "ClassDesignInActions", "ClassDesignInActions\ClassDesignInActions.csproj", "{A7334F55-AD6D-42CF-86A8-6490B0EE1942}"
EndProject
Project("{FAE04EC0-301F-11D3-BF4B-00C04F79EFBC}") = "Interview2026InActions", "Interview2026InActions\Interview2026InActions.csproj", "{CDD92B2E-75E6-48A8-99E3-B6EDCC7B437B}"
EndProject
Project("{FAE04EC0-301F-11D3-BF4B-00C04F79EFBC}") = "YouTubeImpl", "SystemDesigns\YouTubeImpl\YouTubeImpl.csproj", "{1AC43489-9A6B-5351-FA75-0E0D77A7FB41}"
EndProject
Project("{FAE04EC0-301F-11D3-BF4B-00C04F79EFBC}") = "EtcdImpl", "SystemDesigns\EtcdImpl\EtcdImpl.csproj", "{529C4238-7E5A-E60D-FFFA-645A72428BFD}"
EndProject
Project("{FAE04EC0-301F-11D3-BF4B-00C04F79EFBC}") = "MenuParser", "SystemDesigns\MenuParser\MenuParser.csproj", "{2B1EB774-40B4-C3D6-283E-028A91C0C36E}"
EndProject
Project("{FAE04EC0-301F-11D3-BF4B-00C04F79EFBC}") = "NetflixImpl", "SystemDesigns\NetflixImpl\NetflixImpl.csproj", "{CEB5AADF-2C6D-FDCF-AFD7-D87898F626BA}"
EndProject
Project("{FAE04EC0-301F-11D3-BF4B-00C04F79EFBC}") = "GreedyOps", "GreedyOps\GreedyOps.csproj", "{9E3A5F17-2FFE-4FC9-83F4-EFF03355E18D}"
EndProject
Project("{FAE04EC0-301F-11D3-BF4B-00C04F79EFBC}") = "LexicalAnalyzerInActions", "LexicalAnalyzerInActions\LexicalAnalyzerInActions.csproj", "{8BE65BB1-47DE-446B-9DC2-507F9B699EA7}"
EndProject
Project("{FAE04EC0-301F-11D3-BF4B-00C04F79EFBC}") = "PurviewService", "SystemDesignAndAPIs\PurviewService\PurviewService.csproj", "{6427B61D-8632-47F3-9EF1-811C84BEF29E}"
EndProject
Project("{FAE04EC0-301F-11D3-BF4B-00C04F79EFBC}") = "PatternSearchInActions", "PatternSearchInActions\PatternSearchInActions.csproj", "{130BCF66-8FCF-4814-8790-CA93B8A9EC1E}"
EndProject
Project("{FAE04EC0-301F-11D3-BF4B-00C04F79EFBC}") = "PrefixSuffixInActions", "PrefixSuffixInActions\PrefixSuffixInActions.csproj", "{866AD906-0901-498F-BAA8-0F5CA513CEAD}"
EndProject
Project("{FAE04EC0-301F-11D3-BF4B-00C04F79EFBC}") = "HackerRank", "HackerRank\HackerRank\HackerRank.csproj", "{89F8AADC-EFD2-47E3-8EFC-26EDCF0E9B36}"
EndProject
Global
	GlobalSection(SolutionConfigurationPlatforms) = preSolution
		Debug|Any CPU = Debug|Any CPU
		Release|Any CPU = Release|Any CPU
	EndGlobalSection
	GlobalSection(ProjectConfigurationPlatforms) = postSolution
		{5C0065DF-6D6D-4F45-A63A-BD03B2186582}.Debug|Any CPU.ActiveCfg = Debug|Any CPU
		{5C0065DF-6D6D-4F45-A63A-BD03B2186582}.Debug|Any CPU.Build.0 = Debug|Any CPU
		{5C0065DF-6D6D-4F45-A63A-BD03B2186582}.Release|Any CPU.ActiveCfg = Release|Any CPU
		{5C0065DF-6D6D-4F45-A63A-BD03B2186582}.Release|Any CPU.Build.0 = Release|Any CPU
		{43D90F24-6A08-4E0F-A8D4-281ABFDA345A}.Debug|Any CPU.ActiveCfg = Debug|Any CPU
		{43D90F24-6A08-4E0F-A8D4-281ABFDA345A}.Debug|Any CPU.Build.0 = Debug|Any CPU
		{43D90F24-6A08-4E0F-A8D4-281ABFDA345A}.Release|Any CPU.ActiveCfg = Release|Any CPU
		{43D90F24-6A08-4E0F-A8D4-281ABFDA345A}.Release|Any CPU.Build.0 = Release|Any CPU
		{CF504D01-9B83-493B-BF45-F77A4637E652}.Debug|Any CPU.ActiveCfg = Debug|Any CPU
		{CF504D01-9B83-493B-BF45-F77A4637E652}.Debug|Any CPU.Build.0 = Debug|Any CPU
		{CF504D01-9B83-493B-BF45-F77A4637E652}.Release|Any CPU.ActiveCfg = Release|Any CPU
		{CF504D01-9B83-493B-BF45-F77A4637E652}.Release|Any CPU.Build.0 = Release|Any CPU
		{4F60897F-9D54-3C4F-D96F-8A0B96CDCA7D}.Debug|Any CPU.ActiveCfg = Debug|Any CPU
		{4F60897F-9D54-3C4F-D96F-8A0B96CDCA7D}.Debug|Any CPU.Build.0 = Debug|Any CPU
		{4F60897F-9D54-3C4F-D96F-8A0B96CDCA7D}.Release|Any CPU.ActiveCfg = Release|Any CPU
		{4F60897F-9D54-3C4F-D96F-8A0B96CDCA7D}.Release|Any CPU.Build.0 = Release|Any CPU
		{9F039724-1A81-4FE5-B7DC-EA7A0CE95078}.Debug|Any CPU.ActiveCfg = Debug|Any CPU
		{9F039724-1A81-4FE5-B7DC-EA7A0CE95078}.Debug|Any CPU.Build.0 = Debug|Any CPU
		{9F039724-1A81-4FE5-B7DC-EA7A0CE95078}.Release|Any CPU.ActiveCfg = Release|Any CPU
		{9F039724-1A81-4FE5-B7DC-EA7A0CE95078}.Release|Any CPU.Build.0 = Release|Any CPU
		{B7F91D02-5B5D-2784-72DD-4FE1F49160A9}.Debug|Any CPU.ActiveCfg = Debug|Any CPU
		{B7F91D02-5B5D-2784-72DD-4FE1F49160A9}.Debug|Any CPU.Build.0 = Debug|Any CPU
		{B7F91D02-5B5D-2784-72DD-4FE1F49160A9}.Release|Any CPU.ActiveCfg = Release|Any CPU
		{B7F91D02-5B5D-2784-72DD-4FE1F49160A9}.Release|Any CPU.Build.0 = Release|Any CPU
		{F7247521-7617-453B-BED5-8F8EE5F841AB}.Debug|Any CPU.ActiveCfg = Debug|Any CPU
		{F7247521-7617-453B-BED5-8F8EE5F841AB}.Debug|Any CPU.Build.0 = Debug|Any CPU
		{F7247521-7617-453B-BED5-8F8EE5F841AB}.Release|Any CPU.ActiveCfg = Release|Any CPU
		{F7247521-7617-453B-BED5-8F8EE5F841AB}.Release|Any CPU.Build.0 = Release|Any CPU
		{93C4E72E-DA01-4B7A-9482-9C16B168F333}.Debug|Any CPU.ActiveCfg = Debug|Any CPU
		{93C4E72E-DA01-4B7A-9482-9C16B168F333}.Debug|Any CPU.Build.0 = Debug|Any CPU
		{93C4E72E-DA01-4B7A-9482-9C16B168F333}.Release|Any CPU.ActiveCfg = Release|Any CPU
		{93C4E72E-DA01-4B7A-9482-9C16B168F333}.Release|Any CPU.Build.0 = Release|Any CPU
		{7D57E4DB-A0F4-4398-813D-76F05B8FC5A5}.Debug|Any CPU.ActiveCfg = Debug|Any CPU
		{7D57E4DB-A0F4-4398-813D-76F05B8FC5A5}.Debug|Any CPU.Build.0 = Debug|Any CPU
		{7D57E4DB-A0F4-4398-813D-76F05B8FC5A5}.Release|Any CPU.ActiveCfg = Release|Any CPU
		{7D57E4DB-A0F4-4398-813D-76F05B8FC5A5}.Release|Any CPU.Build.0 = Release|Any CPU
		{48E67847-02DE-4DCA-A5DD-F0E61EA7F66B}.Debug|Any CPU.ActiveCfg = Debug|Any CPU
		{48E67847-02DE-4DCA-A5DD-F0E61EA7F66B}.Debug|Any CPU.Build.0 = Debug|Any CPU
		{48E67847-02DE-4DCA-A5DD-F0E61EA7F66B}.Release|Any CPU.ActiveCfg = Release|Any CPU
		{48E67847-02DE-4DCA-A5DD-F0E61EA7F66B}.Release|Any CPU.Build.0 = Release|Any CPU
		{E42EDB1A-9D76-46D0-9196-5E71DD8703AA}.Debug|Any CPU.ActiveCfg = Debug|Any CPU
		{E42EDB1A-9D76-46D0-9196-5E71DD8703AA}.Debug|Any CPU.Build.0 = Debug|Any CPU
		{E42EDB1A-9D76-46D0-9196-5E71DD8703AA}.Release|Any CPU.ActiveCfg = Release|Any CPU
		{E42EDB1A-9D76-46D0-9196-5E71DD8703AA}.Release|Any CPU.Build.0 = Release|Any CPU
		{F2485045-ED4B-4787-B8CF-D44F30B025F1}.Debug|Any CPU.ActiveCfg = Debug|Any CPU
		{F2485045-ED4B-4787-B8CF-D44F30B025F1}.Debug|Any CPU.Build.0 = Debug|Any CPU
		{F2485045-ED4B-4787-B8CF-D44F30B025F1}.Release|Any CPU.ActiveCfg = Release|Any CPU
		{F2485045-ED4B-4787-B8CF-D44F30B025F1}.Release|Any CPU.Build.0 = Release|Any CPU
		{C0987BE8-C85B-4ADB-B7F5-205B802AC2A7}.Debug|Any CPU.ActiveCfg = Debug|Any CPU
		{C0987BE8-C85B-4ADB-B7F5-205B802AC2A7}.Debug|Any CPU.Build.0 = Debug|Any CPU
		{C0987BE8-C85B-4ADB-B7F5-205B802AC2A7}.Release|Any CPU.ActiveCfg = Release|Any CPU
		{C0987BE8-C85B-4ADB-B7F5-205B802AC2A7}.Release|Any CPU.Build.0 = Release|Any CPU
		{0ECEADF8-EDEC-49ED-BEA3-AC8E23007AFB}.Debug|Any CPU.ActiveCfg = Debug|Any CPU
		{0ECEADF8-EDEC-49ED-BEA3-AC8E23007AFB}.Debug|Any CPU.Build.0 = Debug|Any CPU
		{0ECEADF8-EDEC-49ED-BEA3-AC8E23007AFB}.Release|Any CPU.ActiveCfg = Release|Any CPU
		{0ECEADF8-EDEC-49ED-BEA3-AC8E23007AFB}.Release|Any CPU.Build.0 = Release|Any CPU
		{CADB761C-EECA-474E-9C38-6F9135BBE914}.Debug|Any CPU.ActiveCfg = Debug|Any CPU
		{CADB761C-EECA-474E-9C38-6F9135BBE914}.Debug|Any CPU.Build.0 = Debug|Any CPU
		{CADB761C-EECA-474E-9C38-6F9135BBE914}.Release|Any CPU.ActiveCfg = Release|Any CPU
		{CADB761C-EECA-474E-9C38-6F9135BBE914}.Release|Any CPU.Build.0 = Release|Any CPU
		{ECFAB013-E171-4767-8960-C7FCBF65D860}.Debug|Any CPU.ActiveCfg = Debug|Any CPU
		{ECFAB013-E171-4767-8960-C7FCBF65D860}.Debug|Any CPU.Build.0 = Debug|Any CPU
		{ECFAB013-E171-4767-8960-C7FCBF65D860}.Release|Any CPU.ActiveCfg = Release|Any CPU
		{ECFAB013-E171-4767-8960-C7FCBF65D860}.Release|Any CPU.Build.0 = Release|Any CPU
		{4A54F3D9-D003-4967-3147-B892FCD8C7CA}.Debug|Any CPU.ActiveCfg = Debug|Any CPU
		{4A54F3D9-D003-4967-3147-B892FCD8C7CA}.Debug|Any CPU.Build.0 = Debug|Any CPU
		{4A54F3D9-D003-4967-3147-B892FCD8C7CA}.Release|Any CPU.ActiveCfg = Release|Any CPU
		{4A54F3D9-D003-4967-3147-B892FCD8C7CA}.Release|Any CPU.Build.0 = Release|Any CPU
		{8F83BDF0-B3EC-44DA-89B8-5046E0953F98}.Debug|Any CPU.ActiveCfg = Debug|Any CPU
		{8F83BDF0-B3EC-44DA-89B8-5046E0953F98}.Debug|Any CPU.Build.0 = Debug|Any CPU
		{8F83BDF0-B3EC-44DA-89B8-5046E0953F98}.Release|Any CPU.ActiveCfg = Release|Any CPU
		{8F83BDF0-B3EC-44DA-89B8-5046E0953F98}.Release|Any CPU.Build.0 = Release|Any CPU
		{C993CD71-4284-446F-A514-53D3605395A8}.Debug|Any CPU.ActiveCfg = Debug|Any CPU
		{C993CD71-4284-446F-A514-53D3605395A8}.Debug|Any CPU.Build.0 = Debug|Any CPU
		{C993CD71-4284-446F-A514-53D3605395A8}.Release|Any CPU.ActiveCfg = Release|Any CPU
		{C993CD71-4284-446F-A514-53D3605395A8}.Release|Any CPU.Build.0 = Release|Any CPU
		{06C19647-0E89-4D9B-994E-43523A0FFDE4}.Debug|Any CPU.ActiveCfg = Debug|Any CPU
		{06C19647-0E89-4D9B-994E-43523A0FFDE4}.Debug|Any CPU.Build.0 = Debug|Any CPU
		{06C19647-0E89-4D9B-994E-43523A0FFDE4}.Release|Any CPU.ActiveCfg = Release|Any CPU
		{06C19647-0E89-4D9B-994E-43523A0FFDE4}.Release|Any CPU.Build.0 = Release|Any CPU
		{14B16028-D59B-217B-4D32-796FF84EBE53}.Debug|Any CPU.ActiveCfg = Debug|Any CPU
		{14B16028-D59B-217B-4D32-796FF84EBE53}.Debug|Any CPU.Build.0 = Debug|Any CPU
		{14B16028-D59B-217B-4D32-796FF84EBE53}.Release|Any CPU.ActiveCfg = Release|Any CPU
		{14B16028-D59B-217B-4D32-796FF84EBE53}.Release|Any CPU.Build.0 = Release|Any CPU
		{933F721A-DFE0-C56D-D17A-1586169E170F}.Debug|Any CPU.ActiveCfg = Debug|Any CPU
		{933F721A-DFE0-C56D-D17A-1586169E170F}.Debug|Any CPU.Build.0 = Debug|Any CPU
		{933F721A-DFE0-C56D-D17A-1586169E170F}.Release|Any CPU.ActiveCfg = Release|Any CPU
		{933F721A-DFE0-C56D-D17A-1586169E170F}.Release|Any CPU.Build.0 = Release|Any CPU
		{CCF43DBE-6E8C-F7D6-7502-B07265BC9666}.Debug|Any CPU.ActiveCfg = Debug|Any CPU
		{CCF43DBE-6E8C-F7D6-7502-B07265BC9666}.Debug|Any CPU.Build.0 = Debug|Any CPU
		{CCF43DBE-6E8C-F7D6-7502-B07265BC9666}.Release|Any CPU.ActiveCfg = Release|Any CPU
		{CCF43DBE-6E8C-F7D6-7502-B07265BC9666}.Release|Any CPU.Build.0 = Release|Any CPU
		{C77EF1AA-B222-65EE-52EF-C73E3C6E2895}.Debug|Any CPU.ActiveCfg = Debug|Any CPU
		{C77EF1AA-B222-65EE-52EF-C73E3C6E2895}.Debug|Any CPU.Build.0 = Debug|Any CPU
		{C77EF1AA-B222-65EE-52EF-C73E3C6E2895}.Release|Any CPU.ActiveCfg = Release|Any CPU
		{C77EF1AA-B222-65EE-52EF-C73E3C6E2895}.Release|Any CPU.Build.0 = Release|Any CPU
		{2487CE14-6A60-7C39-A988-B76B07E1FB6B}.Debug|Any CPU.ActiveCfg = Debug|Any CPU
		{2487CE14-6A60-7C39-A988-B76B07E1FB6B}.Debug|Any CPU.Build.0 = Debug|Any CPU
		{2487CE14-6A60-7C39-A988-B76B07E1FB6B}.Release|Any CPU.ActiveCfg = Release|Any CPU
		{2487CE14-6A60-7C39-A988-B76B07E1FB6B}.Release|Any CPU.Build.0 = Release|Any CPU
		{9CB0E9A6-D858-9632-D0D8-D5DBA9ADA182}.Debug|Any CPU.ActiveCfg = Debug|Any CPU
		{9CB0E9A6-D858-9632-D0D8-D5DBA9ADA182}.Debug|Any CPU.Build.0 = Debug|Any CPU
		{9CB0E9A6-D858-9632-D0D8-D5DBA9ADA182}.Release|Any CPU.ActiveCfg = Release|Any CPU
		{9CB0E9A6-D858-9632-D0D8-D5DBA9ADA182}.Release|Any CPU.Build.0 = Release|Any CPU
		{43B29DF6-61F0-E498-0CE6-57C2596D479F}.Debug|Any CPU.ActiveCfg = Debug|Any CPU
		{43B29DF6-61F0-E498-0CE6-57C2596D479F}.Debug|Any CPU.Build.0 = Debug|Any CPU
		{43B29DF6-61F0-E498-0CE6-57C2596D479F}.Release|Any CPU.ActiveCfg = Release|Any CPU
		{43B29DF6-61F0-E498-0CE6-57C2596D479F}.Release|Any CPU.Build.0 = Release|Any CPU
		{B93547CC-A899-609F-D342-40A05AC55A45}.Debug|Any CPU.ActiveCfg = Debug|Any CPU
		{B93547CC-A899-609F-D342-40A05AC55A45}.Debug|Any CPU.Build.0 = Debug|Any CPU
		{B93547CC-A899-609F-D342-40A05AC55A45}.Release|Any CPU.ActiveCfg = Release|Any CPU
		{B93547CC-A899-609F-D342-40A05AC55A45}.Release|Any CPU.Build.0 = Release|Any CPU
		{2AAEC6B3-BF96-FDC0-176F-84286BA5DCE1}.Debug|Any CPU.ActiveCfg = Debug|Any CPU
		{2AAEC6B3-BF96-FDC0-176F-84286BA5DCE1}.Debug|Any CPU.Build.0 = Debug|Any CPU
		{2AAEC6B3-BF96-FDC0-176F-84286BA5DCE1}.Release|Any CPU.ActiveCfg = Release|Any CPU
		{2AAEC6B3-BF96-FDC0-176F-84286BA5DCE1}.Release|Any CPU.Build.0 = Release|Any CPU
		{10FCA6EA-52D9-5978-743B-FC12F7656998}.Debug|Any CPU.ActiveCfg = Debug|Any CPU
		{10FCA6EA-52D9-5978-743B-FC12F7656998}.Debug|Any CPU.Build.0 = Debug|Any CPU
		{10FCA6EA-52D9-5978-743B-FC12F7656998}.Release|Any CPU.ActiveCfg = Release|Any CPU
		{10FCA6EA-52D9-5978-743B-FC12F7656998}.Release|Any CPU.Build.0 = Release|Any CPU
		{383C42F2-CFE0-3945-660A-CED4D3E99099}.Debug|Any CPU.ActiveCfg = Debug|Any CPU
		{383C42F2-CFE0-3945-660A-CED4D3E99099}.Debug|Any CPU.Build.0 = Debug|Any CPU
		{383C42F2-CFE0-3945-660A-CED4D3E99099}.Release|Any CPU.ActiveCfg = Release|Any CPU
		{383C42F2-CFE0-3945-660A-CED4D3E99099}.Release|Any CPU.Build.0 = Release|Any CPU
		{6E253AE0-6DB3-8511-C7F8-1E0A37EC147F}.Debug|Any CPU.ActiveCfg = Debug|Any CPU
		{6E253AE0-6DB3-8511-C7F8-1E0A37EC147F}.Debug|Any CPU.Build.0 = Debug|Any CPU
		{6E253AE0-6DB3-8511-C7F8-1E0A37EC147F}.Release|Any CPU.ActiveCfg = Release|Any CPU
		{6E253AE0-6DB3-8511-C7F8-1E0A37EC147F}.Release|Any CPU.Build.0 = Release|Any CPU
		{2FB45BDE-9BAB-BA52-B760-95C0B4993AC1}.Debug|Any CPU.ActiveCfg = Debug|Any CPU
		{2FB45BDE-9BAB-BA52-B760-95C0B4993AC1}.Debug|Any CPU.Build.0 = Debug|Any CPU
		{2FB45BDE-9BAB-BA52-B760-95C0B4993AC1}.Release|Any CPU.ActiveCfg = Release|Any CPU
		{2FB45BDE-9BAB-BA52-B760-95C0B4993AC1}.Release|Any CPU.Build.0 = Release|Any CPU
		{F9B36666-8ACB-8376-C743-4BD153891C5F}.Debug|Any CPU.ActiveCfg = Debug|Any CPU
		{F9B36666-8ACB-8376-C743-4BD153891C5F}.Debug|Any CPU.Build.0 = Debug|Any CPU
		{F9B36666-8ACB-8376-C743-4BD153891C5F}.Release|Any CPU.ActiveCfg = Release|Any CPU
		{F9B36666-8ACB-8376-C743-4BD153891C5F}.Release|Any CPU.Build.0 = Release|Any CPU
		{4DEAFA1F-59CB-F514-88ED-F6276DD092B0}.Debug|Any CPU.ActiveCfg = Debug|Any CPU
		{4DEAFA1F-59CB-F514-88ED-F6276DD092B0}.Debug|Any CPU.Build.0 = Debug|Any CPU
		{4DEAFA1F-59CB-F514-88ED-F6276DD092B0}.Release|Any CPU.ActiveCfg = Release|Any CPU
		{4DEAFA1F-59CB-F514-88ED-F6276DD092B0}.Release|Any CPU.Build.0 = Release|Any CPU
		{156DFCC8-6E27-179F-8A06-5728DB114C9E}.Debug|Any CPU.ActiveCfg = Debug|Any CPU
		{156DFCC8-6E27-179F-8A06-5728DB114C9E}.Debug|Any CPU.Build.0 = Debug|Any CPU
		{156DFCC8-6E27-179F-8A06-5728DB114C9E}.Release|Any CPU.ActiveCfg = Release|Any CPU
		{156DFCC8-6E27-179F-8A06-5728DB114C9E}.Release|Any CPU.Build.0 = Release|Any CPU
		{BDDD086A-9882-24F5-AF7F-0ED6A7DDFCBC}.Debug|Any CPU.ActiveCfg = Debug|Any CPU
		{BDDD086A-9882-24F5-AF7F-0ED6A7DDFCBC}.Debug|Any CPU.Build.0 = Debug|Any CPU
		{BDDD086A-9882-24F5-AF7F-0ED6A7DDFCBC}.Release|Any CPU.ActiveCfg = Release|Any CPU
		{BDDD086A-9882-24F5-AF7F-0ED6A7DDFCBC}.Release|Any CPU.Build.0 = Release|Any CPU
		{7F29ADC1-D216-2E11-A759-D4D7132CC774}.Debug|Any CPU.ActiveCfg = Debug|Any CPU
		{7F29ADC1-D216-2E11-A759-D4D7132CC774}.Debug|Any CPU.Build.0 = Debug|Any CPU
		{7F29ADC1-D216-2E11-A759-D4D7132CC774}.Release|Any CPU.ActiveCfg = Release|Any CPU
		{7F29ADC1-D216-2E11-A759-D4D7132CC774}.Release|Any CPU.Build.0 = Release|Any CPU
		{FB3CD864-2590-59F1-F5F8-1BD092600D0F}.Debug|Any CPU.ActiveCfg = Debug|Any CPU
		{FB3CD864-2590-59F1-F5F8-1BD092600D0F}.Debug|Any CPU.Build.0 = Debug|Any CPU
		{FB3CD864-2590-59F1-F5F8-1BD092600D0F}.Release|Any CPU.ActiveCfg = Release|Any CPU
		{FB3CD864-2590-59F1-F5F8-1BD092600D0F}.Release|Any CPU.Build.0 = Release|Any CPU
		{846F87F8-6084-5601-67FF-990B90214933}.Debug|Any CPU.ActiveCfg = Debug|Any CPU
		{846F87F8-6084-5601-67FF-990B90214933}.Debug|Any CPU.Build.0 = Debug|Any CPU
		{846F87F8-6084-5601-67FF-990B90214933}.Release|Any CPU.ActiveCfg = Release|Any CPU
		{846F87F8-6084-5601-67FF-990B90214933}.Release|Any CPU.Build.0 = Release|Any CPU
		{387672AF-3011-4CB9-B015-A3170AA8FAFD}.Debug|Any CPU.ActiveCfg = Debug|Any CPU
		{387672AF-3011-4CB9-B015-A3170AA8FAFD}.Debug|Any CPU.Build.0 = Debug|Any CPU
		{387672AF-3011-4CB9-B015-A3170AA8FAFD}.Release|Any CPU.ActiveCfg = Release|Any CPU
		{387672AF-3011-4CB9-B015-A3170AA8FAFD}.Release|Any CPU.Build.0 = Release|Any CPU
		{0B70CEFE-A531-FFA6-FFB6-75F70FDA947F}.Debug|Any CPU.ActiveCfg = Debug|Any CPU
		{0B70CEFE-A531-FFA6-FFB6-75F70FDA947F}.Debug|Any CPU.Build.0 = Debug|Any CPU
		{0B70CEFE-A531-FFA6-FFB6-75F70FDA947F}.Release|Any CPU.ActiveCfg = Release|Any CPU
		{0B70CEFE-A531-FFA6-FFB6-75F70FDA947F}.Release|Any CPU.Build.0 = Release|Any CPU
		{E538921E-90E6-492C-9FDB-5E9899A38253}.Debug|Any CPU.ActiveCfg = Debug|Any CPU
		{E538921E-90E6-492C-9FDB-5E9899A38253}.Debug|Any CPU.Build.0 = Debug|Any CPU
		{E538921E-90E6-492C-9FDB-5E9899A38253}.Release|Any CPU.ActiveCfg = Release|Any CPU
		{E538921E-90E6-492C-9FDB-5E9899A38253}.Release|Any CPU.Build.0 = Release|Any CPU
		{9D3D3AAD-B2CC-4DDB-9436-04468986CF3F}.Debug|Any CPU.ActiveCfg = Debug|Any CPU
		{9D3D3AAD-B2CC-4DDB-9436-04468986CF3F}.Debug|Any CPU.Build.0 = Debug|Any CPU
		{9D3D3AAD-B2CC-4DDB-9436-04468986CF3F}.Release|Any CPU.ActiveCfg = Release|Any CPU
		{9D3D3AAD-B2CC-4DDB-9436-04468986CF3F}.Release|Any CPU.Build.0 = Release|Any CPU
		{65EA5B64-341A-4ABB-B337-5C39B5199D37}.Debug|Any CPU.ActiveCfg = Debug|Any CPU
		{65EA5B64-341A-4ABB-B337-5C39B5199D37}.Debug|Any CPU.Build.0 = Debug|Any CPU
		{65EA5B64-341A-4ABB-B337-5C39B5199D37}.Release|Any CPU.ActiveCfg = Release|Any CPU
		{65EA5B64-341A-4ABB-B337-5C39B5199D37}.Release|Any CPU.Build.0 = Release|Any CPU
		{609EBAAB-9EEA-4324-AF59-044F653C15E9}.Debug|Any CPU.ActiveCfg = Debug|Any CPU
		{609EBAAB-9EEA-4324-AF59-044F653C15E9}.Debug|Any CPU.Build.0 = Debug|Any CPU
		{609EBAAB-9EEA-4324-AF59-044F653C15E9}.Release|Any CPU.ActiveCfg = Release|Any CPU
		{609EBAAB-9EEA-4324-AF59-044F653C15E9}.Release|Any CPU.Build.0 = Release|Any CPU
		{74A7AA20-9FF9-4563-B74A-0F7B547AE0CD}.Debug|Any CPU.ActiveCfg = Debug|Any CPU
		{74A7AA20-9FF9-4563-B74A-0F7B547AE0CD}.Debug|Any CPU.Build.0 = Debug|Any CPU
		{74A7AA20-9FF9-4563-B74A-0F7B547AE0CD}.Release|Any CPU.ActiveCfg = Release|Any CPU
		{74A7AA20-9FF9-4563-B74A-0F7B547AE0CD}.Release|Any CPU.Build.0 = Release|Any CPU
		{8ADEDD82-A227-63D6-04A3-870F002E0839}.Debug|Any CPU.ActiveCfg = Debug|Any CPU
		{8ADEDD82-A227-63D6-04A3-870F002E0839}.Debug|Any CPU.Build.0 = Debug|Any CPU
		{8ADEDD82-A227-63D6-04A3-870F002E0839}.Release|Any CPU.ActiveCfg = Release|Any CPU
		{8ADEDD82-A227-63D6-04A3-870F002E0839}.Release|Any CPU.Build.0 = Release|Any CPU
		{E50D7DAC-5A70-49F0-9D41-D60482DCD205}.Debug|Any CPU.ActiveCfg = Debug|Any CPU
		{E50D7DAC-5A70-49F0-9D41-D60482DCD205}.Debug|Any CPU.Build.0 = Debug|Any CPU
		{E50D7DAC-5A70-49F0-9D41-D60482DCD205}.Release|Any CPU.ActiveCfg = Release|Any CPU
		{E50D7DAC-5A70-49F0-9D41-D60482DCD205}.Release|Any CPU.Build.0 = Release|Any CPU
		{E80A7251-726D-49F0-8580-D686E0C473BC}.Debug|Any CPU.ActiveCfg = Debug|Any CPU
		{E80A7251-726D-49F0-8580-D686E0C473BC}.Debug|Any CPU.Build.0 = Debug|Any CPU
		{E80A7251-726D-49F0-8580-D686E0C473BC}.Release|Any CPU.ActiveCfg = Release|Any CPU
		{E80A7251-726D-49F0-8580-D686E0C473BC}.Release|Any CPU.Build.0 = Release|Any CPU
		{A7334F55-AD6D-42CF-86A8-6490B0EE1942}.Debug|Any CPU.ActiveCfg = Debug|Any CPU
		{A7334F55-AD6D-42CF-86A8-6490B0EE1942}.Debug|Any CPU.Build.0 = Debug|Any CPU
		{A7334F55-AD6D-42CF-86A8-6490B0EE1942}.Release|Any CPU.ActiveCfg = Release|Any CPU
		{A7334F55-AD6D-42CF-86A8-6490B0EE1942}.Release|Any CPU.Build.0 = Release|Any CPU
		{CDD92B2E-75E6-48A8-99E3-B6EDCC7B437B}.Debug|Any CPU.ActiveCfg = Debug|Any CPU
		{CDD92B2E-75E6-48A8-99E3-B6EDCC7B437B}.Debug|Any CPU.Build.0 = Debug|Any CPU
		{CDD92B2E-75E6-48A8-99E3-B6EDCC7B437B}.Release|Any CPU.ActiveCfg = Release|Any CPU
		{CDD92B2E-75E6-48A8-99E3-B6EDCC7B437B}.Release|Any CPU.Build.0 = Release|Any CPU
		{1AC43489-9A6B-5351-FA75-0E0D77A7FB41}.Debug|Any CPU.ActiveCfg = Debug|Any CPU
		{1AC43489-9A6B-5351-FA75-0E0D77A7FB41}.Debug|Any CPU.Build.0 = Debug|Any CPU
		{1AC43489-9A6B-5351-FA75-0E0D77A7FB41}.Release|Any CPU.ActiveCfg = Release|Any CPU
		{1AC43489-9A6B-5351-FA75-0E0D77A7FB41}.Release|Any CPU.Build.0 = Release|Any CPU
		{529C4238-7E5A-E60D-FFFA-645A72428BFD}.Debug|Any CPU.ActiveCfg = Debug|Any CPU
		{529C4238-7E5A-E60D-FFFA-645A72428BFD}.Debug|Any CPU.Build.0 = Debug|Any CPU
		{529C4238-7E5A-E60D-FFFA-645A72428BFD}.Release|Any CPU.ActiveCfg = Release|Any CPU
		{529C4238-7E5A-E60D-FFFA-645A72428BFD}.Release|Any CPU.Build.0 = Release|Any CPU
		{2B1EB774-40B4-C3D6-283E-028A91C0C36E}.Debug|Any CPU.ActiveCfg = Debug|Any CPU
		{2B1EB774-40B4-C3D6-283E-028A91C0C36E}.Debug|Any CPU.Build.0 = Debug|Any CPU
		{2B1EB774-40B4-C3D6-283E-028A91C0C36E}.Release|Any CPU.ActiveCfg = Release|Any CPU
		{2B1EB774-40B4-C3D6-283E-028A91C0C36E}.Release|Any CPU.Build.0 = Release|Any CPU
		{CEB5AADF-2C6D-FDCF-AFD7-D87898F626BA}.Debug|Any CPU.ActiveCfg = Debug|Any CPU
		{CEB5AADF-2C6D-FDCF-AFD7-D87898F626BA}.Debug|Any CPU.Build.0 = Debug|Any CPU
		{CEB5AADF-2C6D-FDCF-AFD7-D87898F626BA}.Release|Any CPU.ActiveCfg = Release|Any CPU
		{CEB5AADF-2C6D-FDCF-AFD7-D87898F626BA}.Release|Any CPU.Build.0 = Release|Any CPU
		{9E3A5F17-2FFE-4FC9-83F4-EFF03355E18D}.Debug|Any CPU.ActiveCfg = Debug|Any CPU
		{9E3A5F17-2FFE-4FC9-83F4-EFF03355E18D}.Debug|Any CPU.Build.0 = Debug|Any CPU
		{9E3A5F17-2FFE-4FC9-83F4-EFF03355E18D}.Release|Any CPU.ActiveCfg = Release|Any CPU
		{9E3A5F17-2FFE-4FC9-83F4-EFF03355E18D}.Release|Any CPU.Build.0 = Release|Any CPU
		{8BE65BB1-47DE-446B-9DC2-507F9B699EA7}.Debug|Any CPU.ActiveCfg = Debug|Any CPU
		{8BE65BB1-47DE-446B-9DC2-507F9B699EA7}.Debug|Any CPU.Build.0 = Debug|Any CPU
		{8BE65BB1-47DE-446B-9DC2-507F9B699EA7}.Release|Any CPU.ActiveCfg = Release|Any CPU
		{8BE65BB1-47DE-446B-9DC2-507F9B699EA7}.Release|Any CPU.Build.0 = Release|Any CPU
		{6427B61D-8632-47F3-9EF1-811C84BEF29E}.Debug|Any CPU.ActiveCfg = Debug|Any CPU
		{6427B61D-8632-47F3-9EF1-811C84BEF29E}.Debug|Any CPU.Build.0 = Debug|Any CPU
		{6427B61D-8632-47F3-9EF1-811C84BEF29E}.Release|Any CPU.ActiveCfg = Release|Any CPU
		{6427B61D-8632-47F3-9EF1-811C84BEF29E}.Release|Any CPU.Build.0 = Release|Any CPU
		{130BCF66-8FCF-4814-8790-CA93B8A9EC1E}.Debug|Any CPU.ActiveCfg = Debug|Any CPU
		{130BCF66-8FCF-4814-8790-CA93B8A9EC1E}.Debug|Any CPU.Build.0 = Debug|Any CPU
		{130BCF66-8FCF-4814-8790-CA93B8A9EC1E}.Release|Any CPU.ActiveCfg = Release|Any CPU
		{130BCF66-8FCF-4814-8790-CA93B8A9EC1E}.Release|Any CPU.Build.0 = Release|Any CPU
		{866AD906-0901-498F-BAA8-0F5CA513CEAD}.Debug|Any CPU.ActiveCfg = Debug|Any CPU
		{866AD906-0901-498F-BAA8-0F5CA513CEAD}.Debug|Any CPU.Build.0 = Debug|Any CPU
		{866AD906-0901-498F-BAA8-0F5CA513CEAD}.Release|Any CPU.ActiveCfg = Release|Any CPU
		{866AD906-0901-498F-BAA8-0F5CA513CEAD}.Release|Any CPU.Build.0 = Release|Any CPU
		{89F8AADC-EFD2-47E3-8EFC-26EDCF0E9B36}.Debug|Any CPU.ActiveCfg = Debug|Any CPU
		{89F8AADC-EFD2-47E3-8EFC-26EDCF0E9B36}.Debug|Any CPU.Build.0 = Debug|Any CPU
		{89F8AADC-EFD2-47E3-8EFC-26EDCF0E9B36}.Release|Any CPU.ActiveCfg = Release|Any CPU
		{89F8AADC-EFD2-47E3-8EFC-26EDCF0E9B36}.Release|Any CPU.Build.0 = Release|Any CPU
	EndGlobalSection
	GlobalSection(SolutionProperties) = preSolution
		HideSolutionNode = FALSE
	EndGlobalSection
	GlobalSection(NestedProjects) = preSolution
		{5C0065DF-6D6D-4F45-A63A-BD03B2186582} = {BB6CDC30-DA2E-40E0-945D-4534838FCBD2}
		{43D90F24-6A08-4E0F-A8D4-281ABFDA345A} = {BB6CDC30-DA2E-40E0-945D-4534838FCBD2}
		{CF504D01-9B83-493B-BF45-F77A4637E652} = {BB6CDC30-DA2E-40E0-945D-4534838FCBD2}
		{4F60897F-9D54-3C4F-D96F-8A0B96CDCA7D} = {BB6CDC30-DA2E-40E0-945D-4534838FCBD2}
		{9F039724-1A81-4FE5-B7DC-EA7A0CE95078} = {BB6CDC30-DA2E-40E0-945D-4534838FCBD2}
		{B7F91D02-5B5D-2784-72DD-4FE1F49160A9} = {BB6CDC30-DA2E-40E0-945D-4534838FCBD2}
		{F7247521-7617-453B-BED5-8F8EE5F841AB} = {BB6CDC30-DA2E-40E0-945D-4534838FCBD2}
		{93C4E72E-DA01-4B7A-9482-9C16B168F333} = {BB6CDC30-DA2E-40E0-945D-4534838FCBD2}
		{7D57E4DB-A0F4-4398-813D-76F05B8FC5A5} = {BB6CDC30-DA2E-40E0-945D-4534838FCBD2}
		{48E67847-02DE-4DCA-A5DD-F0E61EA7F66B} = {BB6CDC30-DA2E-40E0-945D-4534838FCBD2}
		{E42EDB1A-9D76-46D0-9196-5E71DD8703AA} = {BB6CDC30-DA2E-40E0-945D-4534838FCBD2}
		{F2485045-ED4B-4787-B8CF-D44F30B025F1} = {BB6CDC30-DA2E-40E0-945D-4534838FCBD2}
		{C0987BE8-C85B-4ADB-B7F5-205B802AC2A7} = {BB6CDC30-DA2E-40E0-945D-4534838FCBD2}
		{0ECEADF8-EDEC-49ED-BEA3-AC8E23007AFB} = {BB6CDC30-DA2E-40E0-945D-4534838FCBD2}
		{CADB761C-EECA-474E-9C38-6F9135BBE914} = {BB6CDC30-DA2E-40E0-945D-4534838FCBD2}
		{ECFAB013-E171-4767-8960-C7FCBF65D860} = {BB6CDC30-DA2E-40E0-945D-4534838FCBD2}
		{4A54F3D9-D003-4967-3147-B892FCD8C7CA} = {BB6CDC30-DA2E-40E0-945D-4534838FCBD2}
		{8F83BDF0-B3EC-44DA-89B8-5046E0953F98} = {BB6CDC30-DA2E-40E0-945D-4534838FCBD2}
		{C993CD71-4284-446F-A514-53D3605395A8} = {BB6CDC30-DA2E-40E0-945D-4534838FCBD2}
		{06C19647-0E89-4D9B-994E-43523A0FFDE4} = {BB6CDC30-DA2E-40E0-945D-4534838FCBD2}
		{14B16028-D59B-217B-4D32-796FF84EBE53} = {BB6CDC30-DA2E-40E0-945D-4534838FCBD2}
		{933F721A-DFE0-C56D-D17A-1586169E170F} = {018E9C4C-8FC0-41A6-86ED-C7875E7440D6}
		{CCF43DBE-6E8C-F7D6-7502-B07265BC9666} = {018E9C4C-8FC0-41A6-86ED-C7875E7440D6}
		{C77EF1AA-B222-65EE-52EF-C73E3C6E2895} = {018E9C4C-8FC0-41A6-86ED-C7875E7440D6}
		{2487CE14-6A60-7C39-A988-B76B07E1FB6B} = {018E9C4C-8FC0-41A6-86ED-C7875E7440D6}
		{9CB0E9A6-D858-9632-D0D8-D5DBA9ADA182} = {66AEACD4-48AD-4261-801E-205576B1291E}
		{43B29DF6-61F0-E498-0CE6-57C2596D479F} = {66AEACD4-48AD-4261-801E-205576B1291E}
		{B93547CC-A899-609F-D342-40A05AC55A45} = {66AEACD4-48AD-4261-801E-205576B1291E}
		{2AAEC6B3-BF96-FDC0-176F-84286BA5DCE1} = {66AEACD4-48AD-4261-801E-205576B1291E}
		{10FCA6EA-52D9-5978-743B-FC12F7656998} = {66AEACD4-48AD-4261-801E-205576B1291E}
		{383C42F2-CFE0-3945-660A-CED4D3E99099} = {66AEACD4-48AD-4261-801E-205576B1291E}
		{6E253AE0-6DB3-8511-C7F8-1E0A37EC147F} = {66AEACD4-48AD-4261-801E-205576B1291E}
		{2FB45BDE-9BAB-BA52-B760-95C0B4993AC1} = {66AEACD4-48AD-4261-801E-205576B1291E}
		{F9B36666-8ACB-8376-C743-4BD153891C5F} = {66AEACD4-48AD-4261-801E-205576B1291E}
		{4DEAFA1F-59CB-F514-88ED-F6276DD092B0} = {66AEACD4-48AD-4261-801E-205576B1291E}
		{156DFCC8-6E27-179F-8A06-5728DB114C9E} = {66AEACD4-48AD-4261-801E-205576B1291E}
		{BDDD086A-9882-24F5-AF7F-0ED6A7DDFCBC} = {66AEACD4-48AD-4261-801E-205576B1291E}
		{7F29ADC1-D216-2E11-A759-D4D7132CC774} = {BB6CDC30-DA2E-40E0-945D-4534838FCBD2}
		{FB3CD864-2590-59F1-F5F8-1BD092600D0F} = {BB6CDC30-DA2E-40E0-945D-4534838FCBD2}
		{846F87F8-6084-5601-67FF-990B90214933} = {018E9C4C-8FC0-41A6-86ED-C7875E7440D6}
		{387672AF-3011-4CB9-B015-A3170AA8FAFD} = {BB6CDC30-DA2E-40E0-945D-4534838FCBD2}
		{0B70CEFE-A531-FFA6-FFB6-75F70FDA947F} = {BB6CDC30-DA2E-40E0-945D-4534838FCBD2}
		{E538921E-90E6-492C-9FDB-5E9899A38253} = {BB6CDC30-DA2E-40E0-945D-4534838FCBD2}
		{9D3D3AAD-B2CC-4DDB-9436-04468986CF3F} = {66AEACD4-48AD-4261-801E-205576B1291E}
		{65EA5B64-341A-4ABB-B337-5C39B5199D37} = {BB6CDC30-DA2E-40E0-945D-4534838FCBD2}
		{609EBAAB-9EEA-4324-AF59-044F653C15E9} = {BB6CDC30-DA2E-40E0-945D-4534838FCBD2}
		{74A7AA20-9FF9-4563-B74A-0F7B547AE0CD} = {018E9C4C-8FC0-41A6-86ED-C7875E7440D6}
		{8ADEDD82-A227-63D6-04A3-870F002E0839} = {BB6CDC30-DA2E-40E0-945D-4534838FCBD2}
		{E50D7DAC-5A70-49F0-9D41-D60482DCD205} = {BB6CDC30-DA2E-40E0-945D-4534838FCBD2}
		{E80A7251-726D-49F0-8580-D686E0C473BC} = {BB6CDC30-DA2E-40E0-945D-4534838FCBD2}
		{A7334F55-AD6D-42CF-86A8-6490B0EE1942} = {BB6CDC30-DA2E-40E0-945D-4534838FCBD2}
		{CDD92B2E-75E6-48A8-99E3-B6EDCC7B437B} = {BB6CDC30-DA2E-40E0-945D-4534838FCBD2}
		{1AC43489-9A6B-5351-FA75-0E0D77A7FB41} = {66AEACD4-48AD-4261-801E-205576B1291E}
		{529C4238-7E5A-E60D-FFFA-645A72428BFD} = {66AEACD4-48AD-4261-801E-205576B1291E}
		{2B1EB774-40B4-C3D6-283E-028A91C0C36E} = {66AEACD4-48AD-4261-801E-205576B1291E}
		{CEB5AADF-2C6D-FDCF-AFD7-D87898F626BA} = {66AEACD4-48AD-4261-801E-205576B1291E}
		{9E3A5F17-2FFE-4FC9-83F4-EFF03355E18D} = {BB6CDC30-DA2E-40E0-945D-4534838FCBD2}
		{8BE65BB1-47DE-446B-9DC2-507F9B699EA7} = {BB6CDC30-DA2E-40E0-945D-4534838FCBD2}
		{6427B61D-8632-47F3-9EF1-811C84BEF29E} = {018E9C4C-8FC0-41A6-86ED-C7875E7440D6}
		{130BCF66-8FCF-4814-8790-CA93B8A9EC1E} = {BB6CDC30-DA2E-40E0-945D-4534838FCBD2}
		{866AD906-0901-498F-BAA8-0F5CA513CEAD} = {BB6CDC30-DA2E-40E0-945D-4534838FCBD2}
		{89F8AADC-EFD2-47E3-8EFC-26EDCF0E9B36} = {BB6CDC30-DA2E-40E0-945D-4534838FCBD2}
	EndGlobalSection
	GlobalSection(ExtensibilityGlobals) = postSolution
		SolutionGuid = {62C39BBA-0C04-43DE-9FAE-E8C68A5D5D50}
	EndGlobalSection
EndGlobal
