
Microsoft Visual Studio Solution File, Format Version 12.00
# Visual Studio Version 18
VisualStudioVersion = 18.0.11123.170
MinimumVisualStudioVersion = 10.0.40219.1
Project("{2150E333-8FDC-42A3-9474-1A3956D46DE8}") = "SystemDesignAndAPIs", "SystemDesignAndAPIs", "{018E9C4C-8FC0-41A6-86ED-C7875E7440D6}"
EndProject
Project("{FAE04EC0-301F-11D3-BF4B-00C04F79EFBC}") = "CpiApi", "APIs\CPIApi\CPIApi\CpiApi.csproj", "{933F721A-DFE0-C56D-D17A-1586169E170F}"
EndProject
Project("{FAE04EC0-301F-11D3-BF4B-00C04F79EFBC}") = "AlphaSelectionServiceAPI", "APIs\SimpleRestfullAPI\AlphaSelectionServiceAPI.csproj", "{CCF43DBE-6E8C-F7D6-7502-B07265BC9666}"
EndProject
Project("{FAE04EC0-301F-11D3-BF4B-00C04F79EFBC}") = "StevensPass.API", "APIs\StevensPass.API\StevensPass.API.csproj", "{C77EF1AA-B222-65EE-52EF-C73E3C6E2895}"
EndProject
Project("{FAE04EC0-301F-11D3-BF4B-00C04F79EFBC}") = "TokenAuthenticationWEBAPI", "APIs\TokenAuthenticationWEBAPI\TokenAuthenticationWEBAPI.csproj", "{2487CE14-6A60-7C39-A988-B76B07E1FB6B}"
EndProject
Project("{2150E333-8FDC-42A3-9474-1A3956D46DE8}") = "Others", "Others", "{66AEACD4-48AD-4261-801E-205576B1291E}"
EndProject
Project("{FAE04EC0-301F-11D3-BF4B-00C04F79EFBC}") = "AsyncActions", "Others\AsyncActions\AsyncActions.csproj", "{9CB0E9A6-D858-9632-D0D8-D5DBA9ADA182}"
EndProject
Project("{FAE04EC0-301F-11D3-BF4B-00C04F79EFBC}") = "AzureEventInActions", "Others\AzureEventOps\AzureEventInActions.csproj", "{43B29DF6-61F0-E498-0CE6-57C2596D479F}"
EndProject
Project("{FAE04EC0-301F-11D3-BF4B-00C04F79EFBC}") = "CvsParser", "Others\CvsParser\CvsParser.csproj", "{B93547CC-A899-609F-D342-40A05AC55A45}"
EndProject
Project("{FAE04EC0-301F-11D3-BF4B-00C04F79EFBC}") = "DelegateByExample", "Others\DelegateByExample\DelegateByExample.csproj", "{2AAEC6B3-BF96-FDC0-176F-84286BA5DCE1}"
EndProject
Project("{FAE04EC0-301F-11D3-BF4B-00C04F79EFBC}") = "EfficientSerializer", "Others\EfficientSerializer\EfficientSerializer.csproj", "{10FCA6EA-52D9-5978-743B-FC12F7656998}"
EndProject
Project("{FAE04EC0-301F-11D3-BF4B-00C04F79EFBC}") = "EntityFramework", "Others\EntityFramework\EntityFramework.csproj", "{383C42F2-CFE0-3945-660A-CED4D3E99099}"
EndProject
Project("{FAE04EC0-301F-11D3-BF4B-00C04F79EFBC}") = "InitializerInActions", "Others\InitializerInActions\InitializerInActions.csproj", "{6E253AE0-6DB3-8511-C7F8-1E0A37EC147F}"
EndProject
Project("{FAE04EC0-301F-11D3-BF4B-00C04F79EFBC}") = "LinqExcercises", "Others\LinqExcercises\LinqExcercises.csproj", "{2FB45BDE-9BAB-BA52-B760-95C0B4993AC1}"
EndProject
Project("{FAE04EC0-301F-11D3-BF4B-00C04F79EFBC}") = "SagaServiceImpl", "Others\SagaServiceImpl\SagaServiceImpl.csproj", "{F9B36666-8ACB-8376-C743-4BD153891C5F}"
EndProject
Project("{FAE04EC0-301F-11D3-BF4B-00C04F79EFBC}") = "ServiceBusInActions", "Others\ServiceBusInActions\ServiceBusInActions.csproj", "{4DEAFA1F-59CB-F514-88ED-F6276DD092B0}"
EndProject
Project("{FAE04EC0-301F-11D3-BF4B-00C04F79EFBC}") = "UrlInActions", "Others\UrlInActions\UrlInActions.csproj", "{156DFCC8-6E27-179F-8A06-5728DB114C9E}"
EndProject
Project("{FAE04EC0-301F-11D3-BF4B-00C04F79EFBC}") = "XmlInActions", "Others\XmlOperations\XmlInActions.csproj", "{BDDD086A-9882-24F5-AF7F-0ED6A7DDFCBC}"
EndProject
Project("{FAE04EC0-301F-11D3-BF4B-00C04F79EFBC}") = "ShortenURLAPI", "APIs\ShortenUrlAPI\ShortenURLAPI.csproj", "{846F87F8-6084-5601-67FF-990B90214933}"
EndProject
Project("{FAE04EC0-301F-11D3-BF4B-00C04F79EFBC}") = "AuthenticationInActions", "AuthenticationInActions\AuthenticationInActions.csproj", "{9D3D3AAD-B2CC-4DDB-9436-04468986CF3F}"
EndProject
Project("{FAE04EC0-301F-11D3-BF4B-00C04F79EFBC}") = "hardware_telemetry_system", "APIs\hardware_telemetry_system\hardware_telemetry_system.csproj", "{74A7AA20-9FF9-4563-B74A-0F7B547AE0CD}"
EndProject
Project("{FAE04EC0-301F-11D3-BF4B-00C04F79EFBC}") = "YouTubeImpl", "SystemDesigns\YouTubeImpl\YouTubeImpl.csproj", "{1AC43489-9A6B-5351-FA75-0E0D77A7FB41}"
EndProject
Project("{FAE04EC0-301F-11D3-BF4B-00C04F79EFBC}") = "EtcdImpl", "SystemDesigns\EtcdImpl\EtcdImpl.csproj", "{529C4238-7E5A-E60D-FFFA-645A72428BFD}"
EndProject
Project("{FAE04EC0-301F-11D3-BF4B-00C04F79EFBC}") = "MenuParser", "SystemDesigns\MenuParser\MenuParser.csproj", "{2B1EB774-40B4-C3D6-283E-028A91C0C36E}"
EndProject
Project("{FAE04EC0-301F-11D3-BF4B-00C04F79EFBC}") = "NetflixImpl", "SystemDesigns\NetflixImpl\NetflixImpl.csproj", "{CEB5AADF-2C6D-FDCF-AFD7-D87898F626BA}"
EndProject
Project("{FAE04EC0-301F-11D3-BF4B-00C04F79EFBC}") = "PurviewService", "SystemDesignAndAPIs\PurviewService\PurviewService.csproj", "{6427B61D-8632-47F3-9EF1-811C84BEF29E}"
EndProject
Global
	GlobalSection(SolutionConfigurationPlatforms) = preSolution
		Debug|Any CPU = Debug|Any CPU
		Release|Any CPU = Release|Any CPU
	EndGlobalSection
	GlobalSection(ProjectConfigurationPlatforms) = postSolution
		{933F721A-DFE0-C56D-D17A-1586169E170F}.Debug|Any CPU.ActiveCfg = Debug|Any CPU
		{933F721A-DFE0-C56D-D17A-1586169E170F}.Debug|Any CPU.Build.0 = Debug|Any CPU
		{933F721A-DFE0-C56D-D17A-1586169E170F}.Release|Any CPU.ActiveCfg = Release|Any CPU
		{933F721A-DFE0-C56D-D17A-1586169E170F}.Release|Any CPU.Build.0 = Release|Any CPU
		{CCF43DBE-6E8C-F7D6-7502-B07265BC9666}.Debug|Any CPU.ActiveCfg = Debug|Any CPU
		{CCF43DBE-6E8C-F7D6-7502-B07265BC9666}.Debug|Any CPU.Build.0 = Debug|Any CPU
		{CCF43DBE-6E8C-F7D6-7502-B07265BC9666}.Release|Any CPU.ActiveCfg = Release|Any CPU
		{CCF43DBE-6E8C-F7D6-7502-B07265BC9666}.Release|Any CPU.Build.0 = Release|Any CPU
		{C77EF1AA-B222-65EE-52EF-C73E3C6E2895}.Debug|Any CPU.ActiveCfg = Debug|Any CPU
		{C77EF1AA-B222-65EE-52EF-C73E3C6E2895}.Debug|Any CPU.Build.0 = Debug|Any CPU
		{C77EF1AA-B222-65EE-52EF-C73E3C6E2895}.Release|Any CPU.ActiveCfg = Release|Any CPU
		{C77EF1AA-B222-65EE-52EF-C73E3C6E2895}.Release|Any CPU.Build.0 = Release|Any CPU
		{2487CE14-6A60-7C39-A988-B76B07E1FB6B}.Debug|Any CPU.ActiveCfg = Debug|Any CPU
		{2487CE14-6A60-7C39-A988-B76B07E1FB6B}.Debug|Any CPU.Build.0 = Debug|Any CPU
		{2487CE14-6A60-7C39-A988-B76B07E1FB6B}.Release|Any CPU.ActiveCfg = Release|Any CPU
		{2487CE14-6A60-7C39-A988-B76B07E1FB6B}.Release|Any CPU.Build.0 = Release|Any CPU
		{9CB0E9A6-D858-9632-D0D8-D5DBA9ADA182}.Debug|Any CPU.ActiveCfg = Debug|Any CPU
		{9CB0E9A6-D858-9632-D0D8-D5DBA9ADA182}.Debug|Any CPU.Build.0 = Debug|Any CPU
		{9CB0E9A6-D858-9632-D0D8-D5DBA9ADA182}.Release|Any CPU.ActiveCfg = Release|Any CPU
		{9CB0E9A6-D858-9632-D0D8-D5DBA9ADA182}.Release|Any CPU.Build.0 = Release|Any CPU
		{43B29DF6-61F0-E498-0CE6-57C2596D479F}.Debug|Any CPU.ActiveCfg = Debug|Any CPU
		{43B29DF6-61F0-E498-0CE6-57C2596D479F}.Debug|Any CPU.Build.0 = Debug|Any CPU
		{43B29DF6-61F0-E498-0CE6-57C2596D479F}.Release|Any CPU.ActiveCfg = Release|Any CPU
		{43B29DF6-61F0-E498-0CE6-57C2596D479F}.Release|Any CPU.Build.0 = Release|Any CPU
		{B93547CC-A899-609F-D342-40A05AC55A45}.Debug|Any CPU.ActiveCfg = Debug|Any CPU
		{B93547CC-A899-609F-D342-40A05AC55A45}.Debug|Any CPU.Build.0 = Debug|Any CPU
		{B93547CC-A899-609F-D342-40A05AC55A45}.Release|Any CPU.ActiveCfg = Release|Any CPU
		{B93547CC-A899-609F-D342-40A05AC55A45}.Release|Any CPU.Build.0 = Release|Any CPU
		{2AAEC6B3-BF96-FDC0-176F-84286BA5DCE1}.Debug|Any CPU.ActiveCfg = Debug|Any CPU
		{2AAEC6B3-BF96-FDC0-176F-84286BA5DCE1}.Debug|Any CPU.Build.0 = Debug|Any CPU
		{2AAEC6B3-BF96-FDC0-176F-84286BA5DCE1}.Release|Any CPU.ActiveCfg = Release|Any CPU
		{2AAEC6B3-BF96-FDC0-176F-84286BA5DCE1}.Release|Any CPU.Build.0 = Release|Any CPU
		{10FCA6EA-52D9-5978-743B-FC12F7656998}.Debug|Any CPU.ActiveCfg = Debug|Any CPU
		{10FCA6EA-52D9-5978-743B-FC12F7656998}.Debug|Any CPU.Build.0 = Debug|Any CPU
		{10FCA6EA-52D9-5978-743B-FC12F7656998}.Release|Any CPU.ActiveCfg = Release|Any CPU
		{10FCA6EA-52D9-5978-743B-FC12F7656998}.Release|Any CPU.Build.0 = Release|Any CPU
		{383C42F2-CFE0-3945-660A-CED4D3E99099}.Debug|Any CPU.ActiveCfg = Debug|Any CPU
		{383C42F2-CFE0-3945-660A-CED4D3E99099}.Debug|Any CPU.Build.0 = Debug|Any CPU
		{383C42F2-CFE0-3945-660A-CED4D3E99099}.Release|Any CPU.ActiveCfg = Release|Any CPU
		{383C42F2-CFE0-3945-660A-CED4D3E99099}.Release|Any CPU.Build.0 = Release|Any CPU
		{6E253AE0-6DB3-8511-C7F8-1E0A37EC147F}.Debug|Any CPU.ActiveCfg = Debug|Any CPU
		{6E253AE0-6DB3-8511-C7F8-1E0A37EC147F}.Debug|Any CPU.Build.0 = Debug|Any CPU
		{6E253AE0-6DB3-8511-C7F8-1E0A37EC147F}.Release|Any CPU.ActiveCfg = Release|Any CPU
		{6E253AE0-6DB3-8511-C7F8-1E0A37EC147F}.Release|Any CPU.Build.0 = Release|Any CPU
		{2FB45BDE-9BAB-BA52-B760-95C0B4993AC1}.Debug|Any CPU.ActiveCfg = Debug|Any CPU
		{2FB45BDE-9BAB-BA52-B760-95C0B4993AC1}.Debug|Any CPU.Build.0 = Debug|Any CPU
		{2FB45BDE-9BAB-BA52-B760-95C0B4993AC1}.Release|Any CPU.ActiveCfg = Release|Any CPU
		{2FB45BDE-9BAB-BA52-B760-95C0B4993AC1}.Release|Any CPU.Build.0 = Release|Any CPU
		{F9B36666-8ACB-8376-C743-4BD153891C5F}.Debug|Any CPU.ActiveCfg = Debug|Any CPU
		{F9B36666-8ACB-8376-C743-4BD153891C5F}.Debug|Any CPU.Build.0 = Debug|Any CPU
		{F9B36666-8ACB-8376-C743-4BD153891C5F}.Release|Any CPU.ActiveCfg = Release|Any CPU
		{F9B36666-8ACB-8376-C743-4BD153891C5F}.Release|Any CPU.Build.0 = Release|Any CPU
		{4DEAFA1F-59CB-F514-88ED-F6276DD092B0}.Debug|Any CPU.ActiveCfg = Debug|Any CPU
		{4DEAFA1F-59CB-F514-88ED-F6276DD092B0}.Debug|Any CPU.Build.0 = Debug|Any CPU
		{4DEAFA1F-59CB-F514-88ED-F6276DD092B0}.Release|Any CPU.ActiveCfg = Release|Any CPU
		{4DEAFA1F-59CB-F514-88ED-F6276DD092B0}.Release|Any CPU.Build.0 = Release|Any CPU
		{156DFCC8-6E27-179F-8A06-5728DB114C9E}.Debug|Any CPU.ActiveCfg = Debug|Any CPU
		{156DFCC8-6E27-179F-8A06-5728DB114C9E}.Debug|Any CPU.Build.0 = Debug|Any CPU
		{156DFCC8-6E27-179F-8A06-5728DB114C9E}.Release|Any CPU.ActiveCfg = Release|Any CPU
		{156DFCC8-6E27-179F-8A06-5728DB114C9E}.Release|Any CPU.Build.0 = Release|Any CPU
		{BDDD086A-9882-24F5-AF7F-0ED6A7DDFCBC}.Debug|Any CPU.ActiveCfg = Debug|Any CPU
		{BDDD086A-9882-24F5-AF7F-0ED6A7DDFCBC}.Debug|Any CPU.Build.0 = Debug|Any CPU
		{BDDD086A-9882-24F5-AF7F-0ED6A7DDFCBC}.Release|Any CPU.ActiveCfg = Release|Any CPU
		{BDDD086A-9882-24F5-AF7F-0ED6A7DDFCBC}.Release|Any CPU.Build.0 = Release|Any CPU
		{846F87F8-6084-5601-67FF-990B90214933}.Debug|Any CPU.ActiveCfg = Debug|Any CPU
		{846F87F8-6084-5601-67FF-990B90214933}.Debug|Any CPU.Build.0 = Debug|Any CPU
		{846F87F8-6084-5601-67FF-990B90214933}.Release|Any CPU.ActiveCfg = Release|Any CPU
		{846F87F8-6084-5601-67FF-990B90214933}.Release|Any CPU.Build.0 = Release|Any CPU
		{9D3D3AAD-B2CC-4DDB-9436-04468986CF3F}.Debug|Any CPU.ActiveCfg = Debug|Any CPU
		{9D3D3AAD-B2CC-4DDB-9436-04468986CF3F}.Debug|Any CPU.Build.0 = Debug|Any CPU
		{9D3D3AAD-B2CC-4DDB-9436-04468986CF3F}.Release|Any CPU.ActiveCfg = Release|Any CPU
		{9D3D3AAD-B2CC-4DDB-9436-04468986CF3F}.Release|Any CPU.Build.0 = Release|Any CPU
		{74A7AA20-9FF9-4563-B74A-0F7B547AE0CD}.Debug|Any CPU.ActiveCfg = Debug|Any CPU
		{74A7AA20-9FF9-4563-B74A-0F7B547AE0CD}.Debug|Any CPU.Build.0 = Debug|Any CPU
		{74A7AA20-9FF9-4563-B74A-0F7B547AE0CD}.Release|Any CPU.ActiveCfg = Release|Any CPU
		{74A7AA20-9FF9-4563-B74A-0F7B547AE0CD}.Release|Any CPU.Build.0 = Release|Any CPU
		{1AC43489-9A6B-5351-FA75-0E0D77A7FB41}.Debug|Any CPU.ActiveCfg = Debug|Any CPU
		{1AC43489-9A6B-5351-FA75-0E0D77A7FB41}.Debug|Any CPU.Build.0 = Debug|Any CPU
		{1AC43489-9A6B-5351-FA75-0E0D77A7FB41}.Release|Any CPU.ActiveCfg = Release|Any CPU
		{1AC43489-9A6B-5351-FA75-0E0D77A7FB41}.Release|Any CPU.Build.0 = Release|Any CPU
		{529C4238-7E5A-E60D-FFFA-645A72428BFD}.Debug|Any CPU.ActiveCfg = Debug|Any CPU
		{529C4238-7E5A-E60D-FFFA-645A72428BFD}.Debug|Any CPU.Build.0 = Debug|Any CPU
		{529C4238-7E5A-E60D-FFFA-645A72428BFD}.Release|Any CPU.ActiveCfg = Release|Any CPU
		{529C4238-7E5A-E60D-FFFA-645A72428BFD}.Release|Any CPU.Build.0 = Release|Any CPU
		{2B1EB774-40B4-C3D6-283E-028A91C0C36E}.Debug|Any CPU.ActiveCfg = Debug|Any CPU
		{2B1EB774-40B4-C3D6-283E-028A91C0C36E}.Debug|Any CPU.Build.0 = Debug|Any CPU
		{2B1EB774-40B4-C3D6-283E-028A91C0C36E}.Release|Any CPU.ActiveCfg = Release|Any CPU
		{2B1EB774-40B4-C3D6-283E-028A91C0C36E}.Release|Any CPU.Build.0 = Release|Any CPU
		{CEB5AADF-2C6D-FDCF-AFD7-D87898F626BA}.Debug|Any CPU.ActiveCfg = Debug|Any CPU
		{CEB5AADF-2C6D-FDCF-AFD7-D87898F626BA}.Debug|Any CPU.Build.0 = Debug|Any CPU
		{CEB5AADF-2C6D-FDCF-AFD7-D87898F626BA}.Release|Any CPU.ActiveCfg = Release|Any CPU
		{CEB5AADF-2C6D-FDCF-AFD7-D87898F626BA}.Release|Any CPU.Build.0 = Release|Any CPU
		{6427B61D-8632-47F3-9EF1-811C84BEF29E}.Debug|Any CPU.ActiveCfg = Debug|Any CPU
		{6427B61D-8632-47F3-9EF1-811C84BEF29E}.Debug|Any CPU.Build.0 = Debug|Any CPU
		{6427B61D-8632-47F3-9EF1-811C84BEF29E}.Release|Any CPU.ActiveCfg = Release|Any CPU
		{6427B61D-8632-47F3-9EF1-811C84BEF29E}.Release|Any CPU.Build.0 = Release|Any CPU
	EndGlobalSection
	GlobalSection(SolutionProperties) = preSolution
		HideSolutionNode = FALSE
	EndGlobalSection
	GlobalSection(NestedProjects) = preSolution
		{933F721A-DFE0-C56D-D17A-1586169E170F} = {018E9C4C-8FC0-41A6-86ED-C7875E7440D6}
		{CCF43DBE-6E8C-F7D6-7502-B07265BC9666} = {018E9C4C-8FC0-41A6-86ED-C7875E7440D6}
		{C77EF1AA-B222-65EE-52EF-C73E3C6E2895} = {018E9C4C-8FC0-41A6-86ED-C7875E7440D6}
		{2487CE14-6A60-7C39-A988-B76B07E1FB6B} = {018E9C4C-8FC0-41A6-86ED-C7875E7440D6}
		{9CB0E9A6-D858-9632-D0D8-D5DBA9ADA182} = {66AEACD4-48AD-4261-801E-205576B1291E}
		{43B29DF6-61F0-E498-0CE6-57C2596D479F} = {66AEACD4-48AD-4261-801E-205576B1291E}
		{B93547CC-A899-609F-D342-40A05AC55A45} = {66AEACD4-48AD-4261-801E-205576B1291E}
		{2AAEC6B3-BF96-FDC0-176F-84286BA5DCE1} = {66AEACD4-48AD-4261-801E-205576B1291E}
		{10FCA6EA-52D9-5978-743B-FC12F7656998} = {66AEACD4-48AD-4261-801E-205576B1291E}
		{383C42F2-CFE0-3945-660A-CED4D3E99099} = {66AEACD4-48AD-4261-801E-205576B1291E}
		{6E253AE0-6DB3-8511-C7F8-1E0A37EC147F} = {66AEACD4-48AD-4261-801E-205576B1291E}
		{2FB45BDE-9BAB-BA52-B760-95C0B4993AC1} = {66AEACD4-48AD-4261-801E-205576B1291E}
		{F9B36666-8ACB-8376-C743-4BD153891C5F} = {66AEACD4-48AD-4261-801E-205576B1291E}
		{4DEAFA1F-59CB-F514-88ED-F6276DD092B0} = {66AEACD4-48AD-4261-801E-205576B1291E}
		{156DFCC8-6E27-179F-8A06-5728DB114C9E} = {66AEACD4-48AD-4261-801E-205576B1291E}
		{BDDD086A-9882-24F5-AF7F-0ED6A7DDFCBC} = {66AEACD4-48AD-4261-801E-205576B1291E}
		{846F87F8-6084-5601-67FF-990B90214933} = {018E9C4C-8FC0-41A6-86ED-C7875E7440D6}
		{9D3D3AAD-B2CC-4DDB-9436-04468986CF3F} = {66AEACD4-48AD-4261-801E-205576B1291E}
		{74A7AA20-9FF9-4563-B74A-0F7B547AE0CD} = {018E9C4C-8FC0-41A6-86ED-C7875E7440D6}
		{1AC43489-9A6B-5351-FA75-0E0D77A7FB41} = {66AEACD4-48AD-4261-801E-205576B1291E}
		{529C4238-7E5A-E60D-FFFA-645A72428BFD} = {66AEACD4-48AD-4261-801E-205576B1291E}
		{2B1EB774-40B4-C3D6-283E-028A91C0C36E} = {66AEACD4-48AD-4261-801E-205576B1291E}
		{CEB5AADF-2C6D-FDCF-AFD7-D87898F626BA} = {66AEACD4-48AD-4261-801E-205576B1291E}
		{6427B61D-8632-47F3-9EF1-811C84BEF29E} = {018E9C4C-8FC0-41A6-86ED-C7875E7440D6}
	EndGlobalSection
	GlobalSection(ExtensibilityGlobals) = postSolution
		SolutionGuid = {62C39BBA-0C04-43DE-9FAE-E8C68A5D5D50}
	EndGlobalSection
EndGlobal
